// !$*UTF8*$!
{
	archiveVersion = 1;
	classes = {
	};
	objectVersion = 46;
	objects = {

/* Begin PBXBuildFile section */
		2D355EC9149AA64700FE8F8C /* einstein.jpg in Resources */ = {isa = PBXBuildFile; fileRef = 2D355EC3149AA64700FE8F8C /* einstein.jpg */; };
		2D355ECA149AA64700FE8F8C /* gaga.jpg in Resources */ = {isa = PBXBuildFile; fileRef = 2D355EC4149AA64700FE8F8C /* gaga.jpg */; };
		2D355ECB149AA64700FE8F8C /* lincoln.jpg in Resources */ = {isa = PBXBuildFile; fileRef = 2D355EC5149AA64700FE8F8C /* lincoln.jpg */; };
		2D355ECC149AA64700FE8F8C /* obama.jpg in Resources */ = {isa = PBXBuildFile; fileRef = 2D355EC6149AA64700FE8F8C /* obama.jpg */; };
		2D355ECD149AA64700FE8F8C /* tebow.jpg in Resources */ = {isa = PBXBuildFile; fileRef = 2D355EC7149AA64700FE8F8C /* tebow.jpg */; };
		2D355ECE149AA64700FE8F8C /* thatcher.jpg in Resources */ = {isa = PBXBuildFile; fileRef = 2D355EC8149AA64700FE8F8C /* thatcher.jpg */; };
		2D355ED2149AA6CF00FE8F8C /* FamousViewController.m in Sources */ = {isa = PBXBuildFile; fileRef = 2D355ED0149AA6CF00FE8F8C /* FamousViewController.m */; };
		2D355ED3149AA6CF00FE8F8C /* FamousViewController.xib in Resources */ = {isa = PBXBuildFile; fileRef = 2D355ED1149AA6CF00FE8F8C /* FamousViewController.xib */; };
		2D3E617214941B7B00D9F74A /* Default@2x.png in Resources */ = {isa = PBXBuildFile; fileRef = 2D3E617114941B7B00D9F74A /* Default@2x.png */; };
		2D3E617414941B8A00D9F74A /* Default.png in Resources */ = {isa = PBXBuildFile; fileRef = 2D3E617314941B8A00D9F74A /* Default.png */; };
		2D6016A814A1650200ED29D8 /* SEE-Icon-114x114.png in Resources */ = {isa = PBXBuildFile; fileRef = 2D6016A714A1650200ED29D8 /* SEE-Icon-114x114.png */; };
		2D6016AB14A1650600ED29D8 /* SEE-Icon-57x57.png in Resources */ = {isa = PBXBuildFile; fileRef = 2D6016AA14A1650600ED29D8 /* SEE-Icon-57x57.png */; };
		2D6016AF14A166E300ED29D8 /* ViewController~ipad.xib in Resources */ = {isa = PBXBuildFile; fileRef = 2D6016AE14A166E300ED29D8 /* ViewController~ipad.xib */; };
		2D6016B114A168F100ED29D8 /* Default-Landscape~ipad.png in Resources */ = {isa = PBXBuildFile; fileRef = 2D6016B014A168F100ED29D8 /* Default-Landscape~ipad.png */; };
		2D6016B314A168F700ED29D8 /* Default-Portrait~ipad.png in Resources */ = {isa = PBXBuildFile; fileRef = 2D6016B214A168F700ED29D8 /* Default-Portrait~ipad.png */; };
		2D6016B514A16A1B00ED29D8 /* SEE-Icon-72x72.png in Resources */ = {isa = PBXBuildFile; fileRef = 2D6016B414A16A1B00ED29D8 /* SEE-Icon-72x72.png */; };
		2D82E6A5149D0311009D52E1 /* glasses.xml in Resources */ = {isa = PBXBuildFile; fileRef = 2D82E6A4149D0311009D52E1 /* glasses.xml */; };
		2D82E6A8149D03CB009D52E1 /* TSGlassesParser.m in Sources */ = {isa = PBXBuildFile; fileRef = 2D82E6A7149D03CB009D52E1 /* TSGlassesParser.m */; };
		2D82E6AB149D03D6009D52E1 /* TSGlassesInfo.m in Sources */ = {isa = PBXBuildFile; fileRef = 2D82E6AA149D03D6009D52E1 /* TSGlassesInfo.m */; };
		2D82E6B3149D0605009D52E1 /* TSUtils.m in Sources */ = {isa = PBXBuildFile; fileRef = 2D82E6B2149D0605009D52E1 /* TSUtils.m */; };
		2D82E6B5149D0E20009D52E1 /* placeholder-glasses.png in Resources */ = {isa = PBXBuildFile; fileRef = 2D82E6B4149D0E20009D52E1 /* placeholder-glasses.png */; };
		2D82E6BF149D5A5C009D52E1 /* MoreOptionsController.m in Sources */ = {isa = PBXBuildFile; fileRef = 2D82E6BD149D5A5C009D52E1 /* MoreOptionsController.m */; };
		2D82E6C0149D5A5C009D52E1 /* MoreOptionsController.xib in Resources */ = {isa = PBXBuildFile; fileRef = 2D82E6BE149D5A5C009D52E1 /* MoreOptionsController.xib */; };
		2D82E6C3149D66FF009D52E1 /* renderToImage.m in Sources */ = {isa = PBXBuildFile; fileRef = 2D82E6C2149D66FF009D52E1 /* renderToImage.m */; };
		2D82E6C5149D80E2009D52E1 /* Twitter.framework in Frameworks */ = {isa = PBXBuildFile; fileRef = 2D82E6C4149D80E1009D52E1 /* Twitter.framework */; };
		2D8301B4148676E2006F7C60 /* UIKit.framework in Frameworks */ = {isa = PBXBuildFile; fileRef = 2D8301B3148676E2006F7C60 /* UIKit.framework */; };
		2D8301B6148676E2006F7C60 /* Foundation.framework in Frameworks */ = {isa = PBXBuildFile; fileRef = 2D8301B5148676E2006F7C60 /* Foundation.framework */; };
		2D8301B8148676E2006F7C60 /* CoreGraphics.framework in Frameworks */ = {isa = PBXBuildFile; fileRef = 2D8301B7148676E2006F7C60 /* CoreGraphics.framework */; };
		2D8301BE148676E2006F7C60 /* InfoPlist.strings in Resources */ = {isa = PBXBuildFile; fileRef = 2D8301BC148676E2006F7C60 /* InfoPlist.strings */; };
		2D8301C0148676E2006F7C60 /* main.m in Sources */ = {isa = PBXBuildFile; fileRef = 2D8301BF148676E2006F7C60 /* main.m */; };
		2D8301C4148676E2006F7C60 /* AppDelegate.m in Sources */ = {isa = PBXBuildFile; fileRef = 2D8301C3148676E2006F7C60 /* AppDelegate.m */; };
		2D8301C7148676E2006F7C60 /* ViewController.m in Sources */ = {isa = PBXBuildFile; fileRef = 2D8301C6148676E2006F7C60 /* ViewController.m */; };
		2D8301CA148676E2006F7C60 /* ViewController.xib in Resources */ = {isa = PBXBuildFile; fileRef = 2D8301C8148676E2006F7C60 /* ViewController.xib */; };
		2D8301D3148676F6006F7C60 /* sample-glasses.png in Resources */ = {isa = PBXBuildFile; fileRef = 2D8301D1148676F6006F7C60 /* sample-glasses.png */; };
		2D8301D6148689C8006F7C60 /* QuartzCore.framework in Frameworks */ = {isa = PBXBuildFile; fileRef = 2D8301D5148689C8006F7C60 /* QuartzCore.framework */; };
		2DD7BC38149BFD6100EDBD3D /* placeholder.png in Resources */ = {isa = PBXBuildFile; fileRef = 2DD7BC21149BFD6100EDBD3D /* placeholder.png */; };
		2DD7BC39149BFD6100EDBD3D /* SDImageCache.m in Sources */ = {isa = PBXBuildFile; fileRef = 2DD7BC23149BFD6100EDBD3D /* SDImageCache.m */; };
		2DD7BC3A149BFD6100EDBD3D /* SDWebImageDecoder.m in Sources */ = {isa = PBXBuildFile; fileRef = 2DD7BC27149BFD6100EDBD3D /* SDWebImageDecoder.m */; };
		2DD7BC3B149BFD6100EDBD3D /* SDWebImageDownloader.m in Sources */ = {isa = PBXBuildFile; fileRef = 2DD7BC29149BFD6100EDBD3D /* SDWebImageDownloader.m */; };
		2DD7BC3C149BFD6100EDBD3D /* SDWebImageManager.m in Sources */ = {isa = PBXBuildFile; fileRef = 2DD7BC2C149BFD6100EDBD3D /* SDWebImageManager.m */; };
		2DD7BC3D149BFD6100EDBD3D /* SDWebImagePrefetcher.m in Sources */ = {isa = PBXBuildFile; fileRef = 2DD7BC2F149BFD6100EDBD3D /* SDWebImagePrefetcher.m */; };
		2DD7BC3E149BFD6100EDBD3D /* TSFaceParser.m in Sources */ = {isa = PBXBuildFile; fileRef = 2DD7BC31149BFD6100EDBD3D /* TSFaceParser.m */; };
		2DD7BC3F149BFD6100EDBD3D /* TSFamousFaceInfo.m in Sources */ = {isa = PBXBuildFile; fileRef = 2DD7BC33149BFD6100EDBD3D /* TSFamousFaceInfo.m */; };
		2DD7BC40149BFD6100EDBD3D /* UIButton+WebCache.m in Sources */ = {isa = PBXBuildFile; fileRef = 2DD7BC35149BFD6100EDBD3D /* UIButton+WebCache.m */; };
		2DD7BC41149BFD6100EDBD3D /* UIImageView+WebCache.m in Sources */ = {isa = PBXBuildFile; fileRef = 2DD7BC37149BFD6100EDBD3D /* UIImageView+WebCache.m */; };
		2DD7BC61149C07E500EDBD3D /* faces.xml in Resources */ = {isa = PBXBuildFile; fileRef = 2DD7BC60149C07E500EDBD3D /* faces.xml */; };
		2DD7BC63149C0A9600EDBD3D /* SystemConfiguration.framework in Frameworks */ = {isa = PBXBuildFile; fileRef = 2DD7BC62149C0A9600EDBD3D /* SystemConfiguration.framework */; };
		2DDD82BA149866B000CD10B6 /* sample-glasses2.png in Resources */ = {isa = PBXBuildFile; fileRef = 2DDD82B9149866B000CD10B6 /* sample-glasses2.png */; };
		2DDD82C31498670900CD10B6 /* GalleryViewController.m in Sources */ = {isa = PBXBuildFile; fileRef = 2DDD82C11498670900CD10B6 /* GalleryViewController.m */; };
		2DDD82C41498670900CD10B6 /* GalleryViewController.xib in Resources */ = {isa = PBXBuildFile; fileRef = 2DDD82C21498670900CD10B6 /* GalleryViewController.xib */; };
		2DF9C83E14A1645900578359 /* MessageUI.framework in Frameworks */ = {isa = PBXBuildFile; fileRef = 2DF9C83D14A1645900578359 /* MessageUI.framework */; };
/* End PBXBuildFile section */

/* Begin PBXFileReference section */
		2D355EC3149AA64700FE8F8C /* einstein.jpg */ = {isa = PBXFileReference; lastKnownFileType = image.jpeg; path = einstein.jpg; sourceTree = "<group>"; };
		2D355EC4149AA64700FE8F8C /* gaga.jpg */ = {isa = PBXFileReference; lastKnownFileType = image.jpeg; path = gaga.jpg; sourceTree = "<group>"; };
		2D355EC5149AA64700FE8F8C /* lincoln.jpg */ = {isa = PBXFileReference; lastKnownFileType = image.jpeg; path = lincoln.jpg; sourceTree = "<group>"; };
		2D355EC6149AA64700FE8F8C /* obama.jpg */ = {isa = PBXFileReference; lastKnownFileType = image.jpeg; path = obama.jpg; sourceTree = "<group>"; };
		2D355EC7149AA64700FE8F8C /* tebow.jpg */ = {isa = PBXFileReference; lastKnownFileType = image.jpeg; path = tebow.jpg; sourceTree = "<group>"; };
		2D355EC8149AA64700FE8F8C /* thatcher.jpg */ = {isa = PBXFileReference; lastKnownFileType = image.jpeg; path = thatcher.jpg; sourceTree = "<group>"; };
		2D355ECF149AA6CF00FE8F8C /* FamousViewController.h */ = {isa = PBXFileReference; fileEncoding = 4; lastKnownFileType = sourcecode.c.h; path = FamousViewController.h; sourceTree = "<group>"; };
		2D355ED0149AA6CF00FE8F8C /* FamousViewController.m */ = {isa = PBXFileReference; fileEncoding = 4; lastKnownFileType = sourcecode.c.objc; path = FamousViewController.m; sourceTree = "<group>"; };
		2D355ED1149AA6CF00FE8F8C /* FamousViewController.xib */ = {isa = PBXFileReference; fileEncoding = 4; lastKnownFileType = file.xib; path = FamousViewController.xib; sourceTree = "<group>"; };
		2D3E617114941B7B00D9F74A /* Default@2x.png */ = {isa = PBXFileReference; lastKnownFileType = image.png; name = "Default@2x.png"; path = "../Default@2x.png"; sourceTree = "<group>"; };
		2D3E617314941B8A00D9F74A /* Default.png */ = {isa = PBXFileReference; lastKnownFileType = image.png; name = Default.png; path = ../Default.png; sourceTree = "<group>"; };
		2D6016A714A1650200ED29D8 /* SEE-Icon-114x114.png */ = {isa = PBXFileReference; lastKnownFileType = image.png; name = "SEE-Icon-114x114.png"; path = "../SEE-Icon-114x114.png"; sourceTree = "<group>"; };
		2D6016AA14A1650600ED29D8 /* SEE-Icon-57x57.png */ = {isa = PBXFileReference; lastKnownFileType = image.png; name = "SEE-Icon-57x57.png"; path = "../SEE-Icon-57x57.png"; sourceTree = "<group>"; };
		2D6016AE14A166E300ED29D8 /* ViewController~ipad.xib */ = {isa = PBXFileReference; fileEncoding = 4; lastKnownFileType = file.xib; path = "ViewController~ipad.xib"; sourceTree = "<group>"; };
		2D6016B014A168F100ED29D8 /* Default-Landscape~ipad.png */ = {isa = PBXFileReference; lastKnownFileType = image.png; name = "Default-Landscape~ipad.png"; path = "../Default-Landscape~ipad.png"; sourceTree = "<group>"; };
		2D6016B214A168F700ED29D8 /* Default-Portrait~ipad.png */ = {isa = PBXFileReference; lastKnownFileType = image.png; name = "Default-Portrait~ipad.png"; path = "../Default-Portrait~ipad.png"; sourceTree = "<group>"; };
		2D6016B414A16A1B00ED29D8 /* SEE-Icon-72x72.png */ = {isa = PBXFileReference; lastKnownFileType = image.png; name = "SEE-Icon-72x72.png"; path = "../SEE-Icon-72x72.png"; sourceTree = "<group>"; };
		2D82E6A4149D0311009D52E1 /* glasses.xml */ = {isa = PBXFileReference; fileEncoding = 4; lastKnownFileType = text.xml; path = glasses.xml; sourceTree = "<group>"; };
		2D82E6A6149D03CB009D52E1 /* TSGlassesParser.h */ = {isa = PBXFileReference; fileEncoding = 4; lastKnownFileType = sourcecode.c.h; path = TSGlassesParser.h; sourceTree = "<group>"; };
		2D82E6A7149D03CB009D52E1 /* TSGlassesParser.m */ = {isa = PBXFileReference; fileEncoding = 4; lastKnownFileType = sourcecode.c.objc; path = TSGlassesParser.m; sourceTree = "<group>"; };
		2D82E6A9149D03D6009D52E1 /* TSGlassesInfo.h */ = {isa = PBXFileReference; fileEncoding = 4; lastKnownFileType = sourcecode.c.h; path = TSGlassesInfo.h; sourceTree = "<group>"; };
		2D82E6AA149D03D6009D52E1 /* TSGlassesInfo.m */ = {isa = PBXFileReference; fileEncoding = 4; lastKnownFileType = sourcecode.c.objc; path = TSGlassesInfo.m; sourceTree = "<group>"; };
		2D82E6B1149D0605009D52E1 /* TSUtils.h */ = {isa = PBXFileReference; fileEncoding = 4; lastKnownFileType = sourcecode.c.h; path = TSUtils.h; sourceTree = "<group>"; };
		2D82E6B2149D0605009D52E1 /* TSUtils.m */ = {isa = PBXFileReference; fileEncoding = 4; lastKnownFileType = sourcecode.c.objc; path = TSUtils.m; sourceTree = "<group>"; };
		2D82E6B4149D0E20009D52E1 /* placeholder-glasses.png */ = {isa = PBXFileReference; lastKnownFileType = image.png; path = "placeholder-glasses.png"; sourceTree = "<group>"; };
		2D82E6BC149D5A5C009D52E1 /* MoreOptionsController.h */ = {isa = PBXFileReference; fileEncoding = 4; lastKnownFileType = sourcecode.c.h; path = MoreOptionsController.h; sourceTree = "<group>"; };
		2D82E6BD149D5A5C009D52E1 /* MoreOptionsController.m */ = {isa = PBXFileReference; fileEncoding = 4; lastKnownFileType = sourcecode.c.objc; path = MoreOptionsController.m; sourceTree = "<group>"; };
		2D82E6BE149D5A5C009D52E1 /* MoreOptionsController.xib */ = {isa = PBXFileReference; fileEncoding = 4; lastKnownFileType = file.xib; path = MoreOptionsController.xib; sourceTree = "<group>"; };
		2D82E6C1149D66FF009D52E1 /* renderToImage.h */ = {isa = PBXFileReference; fileEncoding = 4; lastKnownFileType = sourcecode.c.h; path = renderToImage.h; sourceTree = "<group>"; };
		2D82E6C2149D66FF009D52E1 /* renderToImage.m */ = {isa = PBXFileReference; fileEncoding = 4; lastKnownFileType = sourcecode.c.objc; path = renderToImage.m; sourceTree = "<group>"; };
		2D82E6C4149D80E1009D52E1 /* Twitter.framework */ = {isa = PBXFileReference; lastKnownFileType = wrapper.framework; name = Twitter.framework; path = System/Library/Frameworks/Twitter.framework; sourceTree = SDKROOT; };
		2D8301AF148676E2006F7C60 /* GlassesApp.app */ = {isa = PBXFileReference; explicitFileType = wrapper.application; includeInIndex = 0; path = GlassesApp.app; sourceTree = BUILT_PRODUCTS_DIR; };
		2D8301B3148676E2006F7C60 /* UIKit.framework */ = {isa = PBXFileReference; lastKnownFileType = wrapper.framework; name = UIKit.framework; path = System/Library/Frameworks/UIKit.framework; sourceTree = SDKROOT; };
		2D8301B5148676E2006F7C60 /* Foundation.framework */ = {isa = PBXFileReference; lastKnownFileType = wrapper.framework; name = Foundation.framework; path = System/Library/Frameworks/Foundation.framework; sourceTree = SDKROOT; };
		2D8301B7148676E2006F7C60 /* CoreGraphics.framework */ = {isa = PBXFileReference; lastKnownFileType = wrapper.framework; name = CoreGraphics.framework; path = System/Library/Frameworks/CoreGraphics.framework; sourceTree = SDKROOT; };
		2D8301BB148676E2006F7C60 /* LessBasicGlasses-Info.plist */ = {isa = PBXFileReference; lastKnownFileType = text.plist.xml; path = "LessBasicGlasses-Info.plist"; sourceTree = "<group>"; };
		2D8301BD148676E2006F7C60 /* en */ = {isa = PBXFileReference; lastKnownFileType = text.plist.strings; name = en; path = en.lproj/InfoPlist.strings; sourceTree = "<group>"; };
		2D8301BF148676E2006F7C60 /* main.m */ = {isa = PBXFileReference; lastKnownFileType = sourcecode.c.objc; path = main.m; sourceTree = "<group>"; };
		2D8301C1148676E2006F7C60 /* LessBasicGlasses-Prefix.pch */ = {isa = PBXFileReference; lastKnownFileType = sourcecode.c.h; path = "LessBasicGlasses-Prefix.pch"; sourceTree = "<group>"; };
		2D8301C2148676E2006F7C60 /* AppDelegate.h */ = {isa = PBXFileReference; lastKnownFileType = sourcecode.c.h; path = AppDelegate.h; sourceTree = "<group>"; };
		2D8301C3148676E2006F7C60 /* AppDelegate.m */ = {isa = PBXFileReference; lastKnownFileType = sourcecode.c.objc; path = AppDelegate.m; sourceTree = "<group>"; };
		2D8301C5148676E2006F7C60 /* ViewController.h */ = {isa = PBXFileReference; lastKnownFileType = sourcecode.c.h; path = ViewController.h; sourceTree = "<group>"; };
		2D8301C6148676E2006F7C60 /* ViewController.m */ = {isa = PBXFileReference; lastKnownFileType = sourcecode.c.objc; path = ViewController.m; sourceTree = "<group>"; };
		2D8301C9148676E2006F7C60 /* en */ = {isa = PBXFileReference; lastKnownFileType = file.xib; name = en; path = en.lproj/ViewController.xib; sourceTree = "<group>"; };
		2D8301D1148676F6006F7C60 /* sample-glasses.png */ = {isa = PBXFileReference; lastKnownFileType = image.png; path = "sample-glasses.png"; sourceTree = "<group>"; };
		2D8301D5148689C8006F7C60 /* QuartzCore.framework */ = {isa = PBXFileReference; lastKnownFileType = wrapper.framework; name = QuartzCore.framework; path = System/Library/Frameworks/QuartzCore.framework; sourceTree = SDKROOT; };
		2DD7BC21149BFD6100EDBD3D /* placeholder.png */ = {isa = PBXFileReference; lastKnownFileType = image.png; path = placeholder.png; sourceTree = "<group>"; };
		2DD7BC22149BFD6100EDBD3D /* SDImageCache.h */ = {isa = PBXFileReference; fileEncoding = 4; lastKnownFileType = sourcecode.c.h; path = SDImageCache.h; sourceTree = "<group>"; };
		2DD7BC23149BFD6100EDBD3D /* SDImageCache.m */ = {isa = PBXFileReference; fileEncoding = 4; lastKnownFileType = sourcecode.c.objc; path = SDImageCache.m; sourceTree = "<group>"; };
		2DD7BC24149BFD6100EDBD3D /* SDImageCacheDelegate.h */ = {isa = PBXFileReference; fileEncoding = 4; lastKnownFileType = sourcecode.c.h; path = SDImageCacheDelegate.h; sourceTree = "<group>"; };
		2DD7BC25149BFD6100EDBD3D /* SDWebImageCompat.h */ = {isa = PBXFileReference; fileEncoding = 4; lastKnownFileType = sourcecode.c.h; path = SDWebImageCompat.h; sourceTree = "<group>"; };
		2DD7BC26149BFD6100EDBD3D /* SDWebImageDecoder.h */ = {isa = PBXFileReference; fileEncoding = 4; lastKnownFileType = sourcecode.c.h; path = SDWebImageDecoder.h; sourceTree = "<group>"; };
		2DD7BC27149BFD6100EDBD3D /* SDWebImageDecoder.m */ = {isa = PBXFileReference; fileEncoding = 4; lastKnownFileType = sourcecode.c.objc; path = SDWebImageDecoder.m; sourceTree = "<group>"; };
		2DD7BC28149BFD6100EDBD3D /* SDWebImageDownloader.h */ = {isa = PBXFileReference; fileEncoding = 4; lastKnownFileType = sourcecode.c.h; path = SDWebImageDownloader.h; sourceTree = "<group>"; };
		2DD7BC29149BFD6100EDBD3D /* SDWebImageDownloader.m */ = {isa = PBXFileReference; fileEncoding = 4; lastKnownFileType = sourcecode.c.objc; path = SDWebImageDownloader.m; sourceTree = "<group>"; };
		2DD7BC2A149BFD6100EDBD3D /* SDWebImageDownloaderDelegate.h */ = {isa = PBXFileReference; fileEncoding = 4; lastKnownFileType = sourcecode.c.h; path = SDWebImageDownloaderDelegate.h; sourceTree = "<group>"; };
		2DD7BC2B149BFD6100EDBD3D /* SDWebImageManager.h */ = {isa = PBXFileReference; fileEncoding = 4; lastKnownFileType = sourcecode.c.h; path = SDWebImageManager.h; sourceTree = "<group>"; };
		2DD7BC2C149BFD6100EDBD3D /* SDWebImageManager.m */ = {isa = PBXFileReference; fileEncoding = 4; lastKnownFileType = sourcecode.c.objc; path = SDWebImageManager.m; sourceTree = "<group>"; };
		2DD7BC2D149BFD6100EDBD3D /* SDWebImageManagerDelegate.h */ = {isa = PBXFileReference; fileEncoding = 4; lastKnownFileType = sourcecode.c.h; path = SDWebImageManagerDelegate.h; sourceTree = "<group>"; };
		2DD7BC2E149BFD6100EDBD3D /* SDWebImagePrefetcher.h */ = {isa = PBXFileReference; fileEncoding = 4; lastKnownFileType = sourcecode.c.h; path = SDWebImagePrefetcher.h; sourceTree = "<group>"; };
		2DD7BC2F149BFD6100EDBD3D /* SDWebImagePrefetcher.m */ = {isa = PBXFileReference; fileEncoding = 4; lastKnownFileType = sourcecode.c.objc; path = SDWebImagePrefetcher.m; sourceTree = "<group>"; };
		2DD7BC30149BFD6100EDBD3D /* TSFaceParser.h */ = {isa = PBXFileReference; fileEncoding = 4; lastKnownFileType = sourcecode.c.h; path = TSFaceParser.h; sourceTree = "<group>"; };
		2DD7BC31149BFD6100EDBD3D /* TSFaceParser.m */ = {isa = PBXFileReference; fileEncoding = 4; lastKnownFileType = sourcecode.c.objc; path = TSFaceParser.m; sourceTree = "<group>"; };
		2DD7BC32149BFD6100EDBD3D /* TSFamousFaceInfo.h */ = {isa = PBXFileReference; fileEncoding = 4; lastKnownFileType = sourcecode.c.h; path = TSFamousFaceInfo.h; sourceTree = "<group>"; };
		2DD7BC33149BFD6100EDBD3D /* TSFamousFaceInfo.m */ = {isa = PBXFileReference; fileEncoding = 4; lastKnownFileType = sourcecode.c.objc; path = TSFamousFaceInfo.m; sourceTree = "<group>"; };
		2DD7BC34149BFD6100EDBD3D /* UIButton+WebCache.h */ = {isa = PBXFileReference; fileEncoding = 4; lastKnownFileType = sourcecode.c.h; path = "UIButton+WebCache.h"; sourceTree = "<group>"; };
		2DD7BC35149BFD6100EDBD3D /* UIButton+WebCache.m */ = {isa = PBXFileReference; fileEncoding = 4; lastKnownFileType = sourcecode.c.objc; path = "UIButton+WebCache.m"; sourceTree = "<group>"; };
		2DD7BC36149BFD6100EDBD3D /* UIImageView+WebCache.h */ = {isa = PBXFileReference; fileEncoding = 4; lastKnownFileType = sourcecode.c.h; path = "UIImageView+WebCache.h"; sourceTree = "<group>"; };
		2DD7BC37149BFD6100EDBD3D /* UIImageView+WebCache.m */ = {isa = PBXFileReference; fileEncoding = 4; lastKnownFileType = sourcecode.c.objc; path = "UIImageView+WebCache.m"; sourceTree = "<group>"; };
		2DD7BC60149C07E500EDBD3D /* faces.xml */ = {isa = PBXFileReference; fileEncoding = 4; lastKnownFileType = text.xml; path = faces.xml; sourceTree = "<group>"; };
		2DD7BC62149C0A9600EDBD3D /* SystemConfiguration.framework */ = {isa = PBXFileReference; lastKnownFileType = wrapper.framework; name = SystemConfiguration.framework; path = System/Library/Frameworks/SystemConfiguration.framework; sourceTree = SDKROOT; };
		2DDD82B9149866B000CD10B6 /* sample-glasses2.png */ = {isa = PBXFileReference; lastKnownFileType = image.png; name = "sample-glasses2.png"; path = "../../sample-glasses2.png"; sourceTree = "<group>"; };
		2DDD82C01498670900CD10B6 /* GalleryViewController.h */ = {isa = PBXFileReference; fileEncoding = 4; lastKnownFileType = sourcecode.c.h; name = GalleryViewController.h; path = ../../TestGlassesPicker/TestGlassesPicker/GalleryViewController.h; sourceTree = "<group>"; };
		2DDD82C11498670900CD10B6 /* GalleryViewController.m */ = {isa = PBXFileReference; fileEncoding = 4; lastKnownFileType = sourcecode.c.objc; name = GalleryViewController.m; path = ../../TestGlassesPicker/TestGlassesPicker/GalleryViewController.m; sourceTree = "<group>"; };
		2DDD82C21498670900CD10B6 /* GalleryViewController.xib */ = {isa = PBXFileReference; fileEncoding = 4; lastKnownFileType = file.xib; name = GalleryViewController.xib; path = ../../TestGlassesPicker/TestGlassesPicker/GalleryViewController.xib; sourceTree = "<group>"; };
		2DF9C83D14A1645900578359 /* MessageUI.framework */ = {isa = PBXFileReference; lastKnownFileType = wrapper.framework; name = MessageUI.framework; path = System/Library/Frameworks/MessageUI.framework; sourceTree = SDKROOT; };
/* End PBXFileReference section */

/* Begin PBXFrameworksBuildPhase section */
		2D8301AC148676E2006F7C60 /* Frameworks */ = {
			isa = PBXFrameworksBuildPhase;
			buildActionMask = 2147483647;
			files = (
				2DF9C83E14A1645900578359 /* MessageUI.framework in Frameworks */,
				2D82E6C5149D80E2009D52E1 /* Twitter.framework in Frameworks */,
				2DD7BC63149C0A9600EDBD3D /* SystemConfiguration.framework in Frameworks */,
				2D8301D6148689C8006F7C60 /* QuartzCore.framework in Frameworks */,
				2D8301B4148676E2006F7C60 /* UIKit.framework in Frameworks */,
				2D8301B6148676E2006F7C60 /* Foundation.framework in Frameworks */,
				2D8301B8148676E2006F7C60 /* CoreGraphics.framework in Frameworks */,
			);
			runOnlyForDeploymentPostprocessing = 0;
		};
/* End PBXFrameworksBuildPhase section */

/* Begin PBXGroup section */
		2D355EC0149AA62B00FE8F8C /* glasses */ = {
			isa = PBXGroup;
			children = (
				2D8301D1148676F6006F7C60 /* sample-glasses.png */,
				2DDD82B9149866B000CD10B6 /* sample-glasses2.png */,
				2D82E6A4149D0311009D52E1 /* glasses.xml */,
			);
			name = glasses;
			sourceTree = "<group>";
		};
		2D355EC2149AA63300FE8F8C /* famous faces */ = {
			isa = PBXGroup;
			children = (
				2DD7BC60149C07E500EDBD3D /* faces.xml */,
				2D355EC3149AA64700FE8F8C /* einstein.jpg */,
				2D355EC4149AA64700FE8F8C /* gaga.jpg */,
				2D355EC5149AA64700FE8F8C /* lincoln.jpg */,
				2D355EC6149AA64700FE8F8C /* obama.jpg */,
				2D355EC7149AA64700FE8F8C /* tebow.jpg */,
				2D355EC8149AA64700FE8F8C /* thatcher.jpg */,
			);
			name = "famous faces";
			sourceTree = "<group>";
		};
		2D355ED4149AA6D700FE8F8C /* GalleryViewController */ = {
			isa = PBXGroup;
			children = (
				2D82E6B4149D0E20009D52E1 /* placeholder-glasses.png */,
				2DDD82C01498670900CD10B6 /* GalleryViewController.h */,
				2DDD82C11498670900CD10B6 /* GalleryViewController.m */,
				2DDD82C21498670900CD10B6 /* GalleryViewController.xib */,
				2D82E6A6149D03CB009D52E1 /* TSGlassesParser.h */,
				2D82E6A7149D03CB009D52E1 /* TSGlassesParser.m */,
				2D82E6A9149D03D6009D52E1 /* TSGlassesInfo.h */,
				2D82E6AA149D03D6009D52E1 /* TSGlassesInfo.m */,
			);
			name = GalleryViewController;
			sourceTree = "<group>";
		};
		2D355ED5149AA6EA00FE8F8C /* FamousViewController */ = {
			isa = PBXGroup;
			children = (
				2DD7BC21149BFD6100EDBD3D /* placeholder.png */,
				2DD7BC30149BFD6100EDBD3D /* TSFaceParser.h */,
				2DD7BC31149BFD6100EDBD3D /* TSFaceParser.m */,
				2DD7BC32149BFD6100EDBD3D /* TSFamousFaceInfo.h */,
				2DD7BC33149BFD6100EDBD3D /* TSFamousFaceInfo.m */,
				2D355ECF149AA6CF00FE8F8C /* FamousViewController.h */,
				2D355ED0149AA6CF00FE8F8C /* FamousViewController.m */,
				2D355ED1149AA6CF00FE8F8C /* FamousViewController.xib */,
			);
			name = FamousViewController;
			sourceTree = "<group>";
		};
		2D82E6B6149D59F9009D52E1 /* MoreOptionsController */ = {
			isa = PBXGroup;
			children = (
				2D82E6BC149D5A5C009D52E1 /* MoreOptionsController.h */,
				2D82E6BD149D5A5C009D52E1 /* MoreOptionsController.m */,
				2D82E6BE149D5A5C009D52E1 /* MoreOptionsController.xib */,
			);
			name = MoreOptionsController;
			sourceTree = "<group>";
		};
		2D8301A4148676E1006F7C60 = {
			isa = PBXGroup;
			children = (
				2D8301B9148676E2006F7C60 /* LessBasicGlasses */,
				2D8301B2148676E2006F7C60 /* Frameworks */,
				2D8301B0148676E2006F7C60 /* Products */,
			);
			sourceTree = "<group>";
		};
		2D8301B0148676E2006F7C60 /* Products */ = {
			isa = PBXGroup;
			children = (
				2D8301AF148676E2006F7C60 /* GlassesApp.app */,
			);
			name = Products;
			sourceTree = "<group>";
		};
		2D8301B2148676E2006F7C60 /* Frameworks */ = {
			isa = PBXGroup;
			children = (
				2DF9C83D14A1645900578359 /* MessageUI.framework */,
				2D82E6C4149D80E1009D52E1 /* Twitter.framework */,
				2DD7BC62149C0A9600EDBD3D /* SystemConfiguration.framework */,
				2D8301D5148689C8006F7C60 /* QuartzCore.framework */,
				2D8301B3148676E2006F7C60 /* UIKit.framework */,
				2D8301B5148676E2006F7C60 /* Foundation.framework */,
				2D8301B7148676E2006F7C60 /* CoreGraphics.framework */,
			);
			name = Frameworks;
			sourceTree = "<group>";
		};
		2D8301B9148676E2006F7C60 /* LessBasicGlasses */ = {
			isa = PBXGroup;
			children = (
				2D82E6B6149D59F9009D52E1 /* MoreOptionsController */,
				2DD7BC43149BFD7F00EDBD3D /* SDWebImage */,
				2D355ED5149AA6EA00FE8F8C /* FamousViewController */,
				2D355ED4149AA6D700FE8F8C /* GalleryViewController */,
				2D8301D4148676FC006F7C60 /* images */,
				2D8301C2148676E2006F7C60 /* AppDelegate.h */,
				2D8301C3148676E2006F7C60 /* AppDelegate.m */,
				2D8301C5148676E2006F7C60 /* ViewController.h */,
				2D8301C6148676E2006F7C60 /* ViewController.m */,
				2D8301C8148676E2006F7C60 /* ViewController.xib */,
				2D8301BA148676E2006F7C60 /* Supporting Files */,
				2D6016AE14A166E300ED29D8 /* ViewController~ipad.xib */,
			);
			path = LessBasicGlasses;
			sourceTree = "<group>";
		};
		2D8301BA148676E2006F7C60 /* Supporting Files */ = {
			isa = PBXGroup;
			children = (
				2D82E6B1149D0605009D52E1 /* TSUtils.h */,
				2D82E6B2149D0605009D52E1 /* TSUtils.m */,
				2D8301BB148676E2006F7C60 /* LessBasicGlasses-Info.plist */,
				2D8301BC148676E2006F7C60 /* InfoPlist.strings */,
				2D8301BF148676E2006F7C60 /* main.m */,
				2D8301C1148676E2006F7C60 /* LessBasicGlasses-Prefix.pch */,
				2D82E6C1149D66FF009D52E1 /* renderToImage.h */,
				2D82E6C2149D66FF009D52E1 /* renderToImage.m */,
			);
			name = "Supporting Files";
			sourceTree = "<group>";
		};
		2D8301D4148676FC006F7C60 /* images */ = {
			isa = PBXGroup;
			children = (
				2D6016B414A16A1B00ED29D8 /* SEE-Icon-72x72.png */,
				2D6016B214A168F700ED29D8 /* Default-Portrait~ipad.png */,
				2D6016B014A168F100ED29D8 /* Default-Landscape~ipad.png */,
				2D355EC2149AA63300FE8F8C /* famous faces */,
				2D355EC0149AA62B00FE8F8C /* glasses */,
				2D3E617114941B7B00D9F74A /* Default@2x.png */,
				2D6016AA14A1650600ED29D8 /* SEE-Icon-57x57.png */,
				2D6016A714A1650200ED29D8 /* SEE-Icon-114x114.png */,
				2D3E617314941B8A00D9F74A /* Default.png */,
			);
			name = images;
			sourceTree = "<group>";
		};
		2DD7BC43149BFD7F00EDBD3D /* SDWebImage */ = {
			isa = PBXGroup;
			children = (
				2DD7BC22149BFD6100EDBD3D /* SDImageCache.h */,
				2DD7BC23149BFD6100EDBD3D /* SDImageCache.m */,
				2DD7BC24149BFD6100EDBD3D /* SDImageCacheDelegate.h */,
				2DD7BC25149BFD6100EDBD3D /* SDWebImageCompat.h */,
				2DD7BC26149BFD6100EDBD3D /* SDWebImageDecoder.h */,
				2DD7BC27149BFD6100EDBD3D /* SDWebImageDecoder.m */,
				2DD7BC28149BFD6100EDBD3D /* SDWebImageDownloader.h */,
				2DD7BC29149BFD6100EDBD3D /* SDWebImageDownloader.m */,
				2DD7BC2A149BFD6100EDBD3D /* SDWebImageDownloaderDelegate.h */,
				2DD7BC2B149BFD6100EDBD3D /* SDWebImageManager.h */,
				2DD7BC2C149BFD6100EDBD3D /* SDWebImageManager.m */,
				2DD7BC2D149BFD6100EDBD3D /* SDWebImageManagerDelegate.h */,
				2DD7BC2E149BFD6100EDBD3D /* SDWebImagePrefetcher.h */,
				2DD7BC2F149BFD6100EDBD3D /* SDWebImagePrefetcher.m */,
				2DD7BC34149BFD6100EDBD3D /* UIButton+WebCache.h */,
				2DD7BC35149BFD6100EDBD3D /* UIButton+WebCache.m */,
				2DD7BC36149BFD6100EDBD3D /* UIImageView+WebCache.h */,
				2DD7BC37149BFD6100EDBD3D /* UIImageView+WebCache.m */,
			);
			name = SDWebImage;
			sourceTree = "<group>";
		};
/* End PBXGroup section */

/* Begin PBXNativeTarget section */
		2D8301AE148676E2006F7C60 /* LessBasicGlasses */ = {
			isa = PBXNativeTarget;
			buildConfigurationList = 2D8301CD148676E2006F7C60 /* Build configuration list for PBXNativeTarget "LessBasicGlasses" */;
			buildPhases = (
				2D8301AB148676E2006F7C60 /* Sources */,
				2D8301AC148676E2006F7C60 /* Frameworks */,
				2D8301AD148676E2006F7C60 /* Resources */,
			);
			buildRules = (
			);
			dependencies = (
			);
			name = LessBasicGlasses;
			productName = LessBasicGlasses;
			productReference = 2D8301AF148676E2006F7C60 /* GlassesApp.app */;
			productType = "com.apple.product-type.application";
		};
/* End PBXNativeTarget section */

/* Begin PBXProject section */
		2D8301A6148676E1006F7C60 /* Project object */ = {
			isa = PBXProject;
			attributes = {
				LastUpgradeCheck = 0420;
			};
			buildConfigurationList = 2D8301A9148676E1006F7C60 /* Build configuration list for PBXProject "LessBasicGlasses" */;
			compatibilityVersion = "Xcode 3.2";
			developmentRegion = English;
			hasScannedForEncodings = 0;
			knownRegions = (
				en,
			);
			mainGroup = 2D8301A4148676E1006F7C60;
			productRefGroup = 2D8301B0148676E2006F7C60 /* Products */;
			projectDirPath = "";
			projectRoot = "";
			targets = (
				2D8301AE148676E2006F7C60 /* LessBasicGlasses */,
			);
		};
/* End PBXProject section */

/* Begin PBXResourcesBuildPhase section */
		2D8301AD148676E2006F7C60 /* Resources */ = {
			isa = PBXResourcesBuildPhase;
			buildActionMask = 2147483647;
			files = (
				2D8301BE148676E2006F7C60 /* InfoPlist.strings in Resources */,
				2D8301CA148676E2006F7C60 /* ViewController.xib in Resources */,
				2D8301D3148676F6006F7C60 /* sample-glasses.png in Resources */,
				2D3E617214941B7B00D9F74A /* Default@2x.png in Resources */,
				2D3E617414941B8A00D9F74A /* Default.png in Resources */,
				2DDD82BA149866B000CD10B6 /* sample-glasses2.png in Resources */,
				2DDD82C41498670900CD10B6 /* GalleryViewController.xib in Resources */,
				2D355EC9149AA64700FE8F8C /* einstein.jpg in Resources */,
				2D355ECA149AA64700FE8F8C /* gaga.jpg in Resources */,
				2D355ECB149AA64700FE8F8C /* lincoln.jpg in Resources */,
				2D355ECC149AA64700FE8F8C /* obama.jpg in Resources */,
				2D355ECD149AA64700FE8F8C /* tebow.jpg in Resources */,
				2D355ECE149AA64700FE8F8C /* thatcher.jpg in Resources */,
				2D355ED3149AA6CF00FE8F8C /* FamousViewController.xib in Resources */,
				2DD7BC38149BFD6100EDBD3D /* placeholder.png in Resources */,
				2DD7BC61149C07E500EDBD3D /* faces.xml in Resources */,
				2D82E6A5149D0311009D52E1 /* glasses.xml in Resources */,
				2D82E6B5149D0E20009D52E1 /* placeholder-glasses.png in Resources */,
				2D82E6C0149D5A5C009D52E1 /* MoreOptionsController.xib in Resources */,
				2D6016A814A1650200ED29D8 /* SEE-Icon-114x114.png in Resources */,
				2D6016AB14A1650600ED29D8 /* SEE-Icon-57x57.png in Resources */,
				2D6016AF14A166E300ED29D8 /* ViewController~ipad.xib in Resources */,
				2D6016B114A168F100ED29D8 /* Default-Landscape~ipad.png in Resources */,
				2D6016B314A168F700ED29D8 /* Default-Portrait~ipad.png in Resources */,
				2D6016B514A16A1B00ED29D8 /* SEE-Icon-72x72.png in Resources */,
			);
			runOnlyForDeploymentPostprocessing = 0;
		};
/* End PBXResourcesBuildPhase section */

/* Begin PBXSourcesBuildPhase section */
		2D8301AB148676E2006F7C60 /* Sources */ = {
			isa = PBXSourcesBuildPhase;
			buildActionMask = 2147483647;
			files = (
				2D8301C0148676E2006F7C60 /* main.m in Sources */,
				2D8301C4148676E2006F7C60 /* AppDelegate.m in Sources */,
				2D8301C7148676E2006F7C60 /* ViewController.m in Sources */,
				2DDD82C31498670900CD10B6 /* GalleryViewController.m in Sources */,
				2D355ED2149AA6CF00FE8F8C /* FamousViewController.m in Sources */,
				2DD7BC39149BFD6100EDBD3D /* SDImageCache.m in Sources */,
				2DD7BC3A149BFD6100EDBD3D /* SDWebImageDecoder.m in Sources */,
				2DD7BC3B149BFD6100EDBD3D /* SDWebImageDownloader.m in Sources */,
				2DD7BC3C149BFD6100EDBD3D /* SDWebImageManager.m in Sources */,
				2DD7BC3D149BFD6100EDBD3D /* SDWebImagePrefetcher.m in Sources */,
				2DD7BC3E149BFD6100EDBD3D /* TSFaceParser.m in Sources */,
				2DD7BC3F149BFD6100EDBD3D /* TSFamousFaceInfo.m in Sources */,
				2DD7BC40149BFD6100EDBD3D /* UIButton+WebCache.m in Sources */,
				2DD7BC41149BFD6100EDBD3D /* UIImageView+WebCache.m in Sources */,
				2D82E6A8149D03CB009D52E1 /* TSGlassesParser.m in Sources */,
				2D82E6AB149D03D6009D52E1 /* TSGlassesInfo.m in Sources */,
				2D82E6B3149D0605009D52E1 /* TSUtils.m in Sources */,
				2D82E6BF149D5A5C009D52E1 /* MoreOptionsController.m in Sources */,
				2D82E6C3149D66FF009D52E1 /* renderToImage.m in Sources */,
			);
			runOnlyForDeploymentPostprocessing = 0;
		};
/* End PBXSourcesBuildPhase section */

/* Begin PBXVariantGroup section */
		2D8301BC148676E2006F7C60 /* InfoPlist.strings */ = {
			isa = PBXVariantGroup;
			children = (
				2D8301BD148676E2006F7C60 /* en */,
			);
			name = InfoPlist.strings;
			sourceTree = "<group>";
		};
		2D8301C8148676E2006F7C60 /* ViewController.xib */ = {
			isa = PBXVariantGroup;
			children = (
				2D8301C9148676E2006F7C60 /* en */,
			);
			name = ViewController.xib;
			sourceTree = "<group>";
		};
/* End PBXVariantGroup section */

/* Begin XCBuildConfiguration section */
		2D8301CB148676E2006F7C60 /* Debug */ = {
			isa = XCBuildConfiguration;
			buildSettings = {
				ALWAYS_SEARCH_USER_PATHS = NO;
				ARCHS = "$(ARCHS_STANDARD_32_BIT)";
				"CODE_SIGN_IDENTITY[sdk=iphoneos*]" = "iPhone Developer";
				COPY_PHASE_STRIP = NO;
				GCC_C_LANGUAGE_STANDARD = gnu99;
				GCC_DYNAMIC_NO_PIC = NO;
				GCC_OPTIMIZATION_LEVEL = 0;
				GCC_PREPROCESSOR_DEFINITIONS = (
					"DEBUG=1",
					"$(inherited)",
				);
				GCC_SYMBOLS_PRIVATE_EXTERN = NO;
				GCC_VERSION = com.apple.compilers.llvm.clang.1_0;
				GCC_WARN_ABOUT_MISSING_PROTOTYPES = YES;
				GCC_WARN_ABOUT_RETURN_TYPE = YES;
				GCC_WARN_UNUSED_VARIABLE = YES;
				IPHONEOS_DEPLOYMENT_TARGET = 5.0;
				SDKROOT = iphoneos;
			};
			name = Debug;
		};
		2D8301CC148676E2006F7C60 /* Release */ = {
			isa = XCBuildConfiguration;
			buildSettings = {
				ALWAYS_SEARCH_USER_PATHS = NO;
				ARCHS = "$(ARCHS_STANDARD_32_BIT)";
				"CODE_SIGN_IDENTITY[sdk=iphoneos*]" = "iPhone Developer";
				COPY_PHASE_STRIP = YES;
				GCC_C_LANGUAGE_STANDARD = gnu99;
				GCC_VERSION = com.apple.compilers.llvm.clang.1_0;
				GCC_WARN_ABOUT_MISSING_PROTOTYPES = YES;
				GCC_WARN_ABOUT_RETURN_TYPE = YES;
				GCC_WARN_UNUSED_VARIABLE = YES;
				IPHONEOS_DEPLOYMENT_TARGET = 5.0;
				OTHER_CFLAGS = "-DNS_BLOCK_ASSERTIONS=1";
				SDKROOT = iphoneos;
				VALIDATE_PRODUCT = YES;
			};
			name = Release;
		};
		2D8301CE148676E2006F7C60 /* Debug */ = {
			isa = XCBuildConfiguration;
			buildSettings = {
				GCC_PRECOMPILE_PREFIX_HEADER = YES;
				GCC_PREFIX_HEADER = "LessBasicGlasses/LessBasicGlasses-Prefix.pch";
				INFOPLIST_FILE = "LessBasicGlasses/LessBasicGlasses-Info.plist";
				IPHONEOS_DEPLOYMENT_TARGET = 5.0;
				PRODUCT_NAME = GlassesApp;
				TARGETED_DEVICE_FAMILY = "1,2";
				WRAPPER_EXTENSION = app;
			};
			name = Debug;
		};
		2D8301CF148676E2006F7C60 /* Release */ = {
			isa = XCBuildConfiguration;
			buildSettings = {
				GCC_PRECOMPILE_PREFIX_HEADER = YES;
				GCC_PREFIX_HEADER = "LessBasicGlasses/LessBasicGlasses-Prefix.pch";
				INFOPLIST_FILE = "LessBasicGlasses/LessBasicGlasses-Info.plist";
				IPHONEOS_DEPLOYMENT_TARGET = 5.0;
				PRODUCT_NAME = GlassesApp;
				TARGETED_DEVICE_FAMILY = "1,2";
				WRAPPER_EXTENSION = app;
			};
			name = Release;
		};
/* End XCBuildConfiguration section */

/* Begin XCConfigurationList section */
		2D8301A9148676E1006F7C60 /* Build configuration list for PBXProject "LessBasicGlasses" */ = {
			isa = XCConfigurationList;
			buildConfigurations = (
				2D8301CB148676E2006F7C60 /* Debug */,
				2D8301CC148676E2006F7C60 /* Release */,
			);
			defaultConfigurationIsVisible = 0;
			defaultConfigurationName = Release;
		};
		2D8301CD148676E2006F7C60 /* Build configuration list for PBXNativeTarget "LessBasicGlasses" */ = {
			isa = XCConfigurationList;
			buildConfigurations = (
				2D8301CE148676E2006F7C60 /* Debug */,
				2D8301CF148676E2006F7C60 /* Release */,
			);
			defaultConfigurationIsVisible = 0;
			defaultConfigurationName = Release;
		};
/* End XCConfigurationList section */
	};
	rootObject = 2D8301A6148676E1006F7C60 /* Project object */;
}
