// !$*UTF8*$!
{
	archiveVersion = 1;
	classes = {
	};
	objectVersion = 46;
	objects = {

/* Begin PBXBuildFile section */
		2D8301B4148676E2006F7C60 /* UIKit.framework in Frameworks */ = {isa = PBXBuildFile; fileRef = 2D8301B3148676E2006F7C60 /* UIKit.framework */; };
		2D8301B6148676E2006F7C60 /* Foundation.framework in Frameworks */ = {isa = PBXBuildFile; fileRef = 2D8301B5148676E2006F7C60 /* Foundation.framework */; };
		2D8301B8148676E2006F7C60 /* CoreGraphics.framework in Frameworks */ = {isa = PBXBuildFile; fileRef = 2D8301B7148676E2006F7C60 /* CoreGraphics.framework */; };
		2D8301BE148676E2006F7C60 /* InfoPlist.strings in Resources */ = {isa = PBXBuildFile; fileRef = 2D8301BC148676E2006F7C60 /* InfoPlist.strings */; };
		2D8301C0148676E2006F7C60 /* main.m in Sources */ = {isa = PBXBuildFile; fileRef = 2D8301BF148676E2006F7C60 /* main.m */; };
		2D8301C4148676E2006F7C60 /* AppDelegate.m in Sources */ = {isa = PBXBuildFile; fileRef = 2D8301C3148676E2006F7C60 /* AppDelegate.m */; };
		2D8301C7148676E2006F7C60 /* ViewController.m in Sources */ = {isa = PBXBuildFile; fileRef = 2D8301C6148676E2006F7C60 /* ViewController.m */; };
		2D8301CA148676E2006F7C60 /* ViewController.xib in Resources */ = {isa = PBXBuildFile; fileRef = 2D8301C8148676E2006F7C60 /* ViewController.xib */; };
		2D8301D2148676F6006F7C60 /* obama.png in Resources */ = {isa = PBXBuildFile; fileRef = 2D8301D0148676F6006F7C60 /* obama.png */; };
		2D8301D3148676F6006F7C60 /* sample-glasses.png in Resources */ = {isa = PBXBuildFile; fileRef = 2D8301D1148676F6006F7C60 /* sample-glasses.png */; };
		2D8301D6148689C8006F7C60 /* QuartzCore.framework in Frameworks */ = {isa = PBXBuildFile; fileRef = 2D8301D5148689C8006F7C60 /* QuartzCore.framework */; };
/* End PBXBuildFile section */

/* Begin PBXFileReference section */
		2D8301AF148676E2006F7C60 /* LessBasicGlasses.app */ = {isa = PBXFileReference; explicitFileType = wrapper.application; includeInIndex = 0; path = LessBasicGlasses.app; sourceTree = BUILT_PRODUCTS_DIR; };
		2D8301B3148676E2006F7C60 /* UIKit.framework */ = {isa = PBXFileReference; lastKnownFileType = wrapper.framework; name = UIKit.framework; path = System/Library/Frameworks/UIKit.framework; sourceTree = SDKROOT; };
		2D8301B5148676E2006F7C60 /* Foundation.framework */ = {isa = PBXFileReference; lastKnownFileType = wrapper.framework; name = Foundation.framework; path = System/Library/Frameworks/Foundation.framework; sourceTree = SDKROOT; };
		2D8301B7148676E2006F7C60 /* CoreGraphics.framework */ = {isa = PBXFileReference; lastKnownFileType = wrapper.framework; name = CoreGraphics.framework; path = System/Library/Frameworks/CoreGraphics.framework; sourceTree = SDKROOT; };
		2D8301BB148676E2006F7C60 /* LessBasicGlasses-Info.plist */ = {isa = PBXFileReference; lastKnownFileType = text.plist.xml; path = "LessBasicGlasses-Info.plist"; sourceTree = "<group>"; };
		2D8301BD148676E2006F7C60 /* en */ = {isa = PBXFileReference; lastKnownFileType = text.plist.strings; name = en; path = en.lproj/InfoPlist.strings; sourceTree = "<group>"; };
		2D8301BF148676E2006F7C60 /* main.m */ = {isa = PBXFileReference; lastKnownFileType = sourcecode.c.objc; path = main.m; sourceTree = "<group>"; };
		2D8301C1148676E2006F7C60 /* LessBasicGlasses-Prefix.pch */ = {isa = PBXFileReference; lastKnownFileType = sourcecode.c.h; path = "LessBasicGlasses-Prefix.pch"; sourceTree = "<group>"; };
		2D8301C2148676E2006F7C60 /* AppDelegate.h */ = {isa = PBXFileReference; lastKnownFileType = sourcecode.c.h; path = AppDelegate.h; sourceTree = "<group>"; };
		2D8301C3148676E2006F7C60 /* AppDelegate.m */ = {isa = PBXFileReference; lastKnownFileType = sourcecode.c.objc; path = AppDelegate.m; sourceTree = "<group>"; };
		2D8301C5148676E2006F7C60 /* ViewController.h */ = {isa = PBXFileReference; lastKnownFileType = sourcecode.c.h; path = ViewController.h; sourceTree = "<group>"; };
		2D8301C6148676E2006F7C60 /* ViewController.m */ = {isa = PBXFileReference; lastKnownFileType = sourcecode.c.objc; path = ViewController.m; sourceTree = "<group>"; };
		2D8301C9148676E2006F7C60 /* en */ = {isa = PBXFileReference; lastKnownFileType = file.xib; name = en; path = en.lproj/ViewController.xib; sourceTree = "<group>"; };
		2D8301D0148676F6006F7C60 /* obama.png */ = {isa = PBXFileReference; lastKnownFileType = image.png; path = obama.png; sourceTree = "<group>"; };
		2D8301D1148676F6006F7C60 /* sample-glasses.png */ = {isa = PBXFileReference; lastKnownFileType = image.png; path = "sample-glasses.png"; sourceTree = "<group>"; };
		2D8301D5148689C8006F7C60 /* QuartzCore.framework */ = {isa = PBXFileReference; lastKnownFileType = wrapper.framework; name = QuartzCore.framework; path = System/Library/Frameworks/QuartzCore.framework; sourceTree = SDKROOT; };
/* End PBXFileReference section */

/* Begin PBXFrameworksBuildPhase section */
		2D8301AC148676E2006F7C60 /* Frameworks */ = {
			isa = PBXFrameworksBuildPhase;
			buildActionMask = 2147483647;
			files = (
				2D8301D6148689C8006F7C60 /* QuartzCore.framework in Frameworks */,
				2D8301B4148676E2006F7C60 /* UIKit.framework in Frameworks */,
				2D8301B6148676E2006F7C60 /* Foundation.framework in Frameworks */,
				2D8301B8148676E2006F7C60 /* CoreGraphics.framework in Frameworks */,
			);
			runOnlyForDeploymentPostprocessing = 0;
		};
/* End PBXFrameworksBuildPhase section */

/* Begin PBXGroup section */
		2D8301A4148676E1006F7C60 = {
			isa = PBXGroup;
			children = (
				2D8301B9148676E2006F7C60 /* LessBasicGlasses */,
				2D8301B2148676E2006F7C60 /* Frameworks */,
				2D8301B0148676E2006F7C60 /* Products */,
			);
			sourceTree = "<group>";
		};
		2D8301B0148676E2006F7C60 /* Products */ = {
			isa = PBXGroup;
			children = (
				2D8301AF148676E2006F7C60 /* LessBasicGlasses.app */,
			);
			name = Products;
			sourceTree = "<group>";
		};
		2D8301B2148676E2006F7C60 /* Frameworks */ = {
			isa = PBXGroup;
			children = (
				2D8301D5148689C8006F7C60 /* QuartzCore.framework */,
				2D8301B3148676E2006F7C60 /* UIKit.framework */,
				2D8301B5148676E2006F7C60 /* Foundation.framework */,
				2D8301B7148676E2006F7C60 /* CoreGraphics.framework */,
			);
			name = Frameworks;
			sourceTree = "<group>";
		};
		2D8301B9148676E2006F7C60 /* LessBasicGlasses */ = {
			isa = PBXGroup;
			children = (
				2D8301D4148676FC006F7C60 /* images */,
				2D8301C2148676E2006F7C60 /* AppDelegate.h */,
				2D8301C3148676E2006F7C60 /* AppDelegate.m */,
				2D8301C5148676E2006F7C60 /* ViewController.h */,
				2D8301C6148676E2006F7C60 /* ViewController.m */,
				2D8301C8148676E2006F7C60 /* ViewController.xib */,
				2D8301BA148676E2006F7C60 /* Supporting Files */,
			);
			path = LessBasicGlasses;
			sourceTree = "<group>";
		};
		2D8301BA148676E2006F7C60 /* Supporting Files */ = {
			isa = PBXGroup;
			children = (
				2D8301BB148676E2006F7C60 /* LessBasicGlasses-Info.plist */,
				2D8301BC148676E2006F7C60 /* InfoPlist.strings */,
				2D8301BF148676E2006F7C60 /* main.m */,
				2D8301C1148676E2006F7C60 /* LessBasicGlasses-Prefix.pch */,
			);
			name = "Supporting Files";
			sourceTree = "<group>";
		};
		2D8301D4148676FC006F7C60 /* images */ = {
			isa = PBXGroup;
			children = (
				2D8301D0148676F6006F7C60 /* obama.png */,
				2D8301D1148676F6006F7C60 /* sample-glasses.png */,
			);
			name = images;
			sourceTree = "<group>";
		};
/* End PBXGroup section */

/* Begin PBXNativeTarget section */
		2D8301AE148676E2006F7C60 /* LessBasicGlasses */ = {
			isa = PBXNativeTarget;
			buildConfigurationList = 2D8301CD148676E2006F7C60 /* Build configuration list for PBXNativeTarget "LessBasicGlasses" */;
			buildPhases = (
				2D8301AB148676E2006F7C60 /* Sources */,
				2D8301AC148676E2006F7C60 /* Frameworks */,
				2D8301AD148676E2006F7C60 /* Resources */,
			);
			buildRules = (
			);
			dependencies = (
			);
			name = LessBasicGlasses;
			productName = LessBasicGlasses;
			productReference = 2D8301AF148676E2006F7C60 /* LessBasicGlasses.app */;
			productType = "com.apple.product-type.application";
		};
/* End PBXNativeTarget section */

/* Begin PBXProject section */
		2D8301A6148676E1006F7C60 /* Project object */ = {
			isa = PBXProject;
			attributes = {
				LastUpgradeCheck = 0420;
			};
			buildConfigurationList = 2D8301A9148676E1006F7C60 /* Build configuration list for PBXProject "LessBasicGlasses" */;
			compatibilityVersion = "Xcode 3.2";
			developmentRegion = English;
			hasScannedForEncodings = 0;
			knownRegions = (
				en,
			);
			mainGroup = 2D8301A4148676E1006F7C60;
			productRefGroup = 2D8301B0148676E2006F7C60 /* Products */;
			projectDirPath = "";
			projectRoot = "";
			targets = (
				2D8301AE148676E2006F7C60 /* LessBasicGlasses */,
			);
		};
/* End PBXProject section */

/* Begin PBXResourcesBuildPhase section */
		2D8301AD148676E2006F7C60 /* Resources */ = {
			isa = PBXResourcesBuildPhase;
			buildActionMask = 2147483647;
			files = (
				2D8301BE148676E2006F7C60 /* InfoPlist.strings in Resources */,
				2D8301CA148676E2006F7C60 /* ViewController.xib in Resources */,
				2D8301D2148676F6006F7C60 /* obama.png in Resources */,
				2D8301D3148676F6006F7C60 /* sample-glasses.png in Resources */,
			);
			runOnlyForDeploymentPostprocessing = 0;
		};
/* End PBXResourcesBuildPhase section */

/* Begin PBXSourcesBuildPhase section */
		2D8301AB148676E2006F7C60 /* Sources */ = {
			isa = PBXSourcesBuildPhase;
			buildActionMask = 2147483647;
			files = (
				2D8301C0148676E2006F7C60 /* main.m in Sources */,
				2D8301C4148676E2006F7C60 /* AppDelegate.m in Sources */,
				2D8301C7148676E2006F7C60 /* ViewController.m in Sources */,
			);
			runOnlyForDeploymentPostprocessing = 0;
		};
/* End PBXSourcesBuildPhase section */

/* Begin PBXVariantGroup section */
		2D8301BC148676E2006F7C60 /* InfoPlist.strings */ = {
			isa = PBXVariantGroup;
			children = (
				2D8301BD148676E2006F7C60 /* en */,
			);
			name = InfoPlist.strings;
			sourceTree = "<group>";
		};
		2D8301C8148676E2006F7C60 /* ViewController.xib */ = {
			isa = PBXVariantGroup;
			children = (
				2D8301C9148676E2006F7C60 /* en */,
			);
			name = ViewController.xib;
			sourceTree = "<group>";
		};
/* End PBXVariantGroup section */

/* Begin XCBuildConfiguration section */
		2D8301CB148676E2006F7C60 /* Debug */ = {
			isa = XCBuildConfiguration;
			buildSettings = {
				ALWAYS_SEARCH_USER_PATHS = NO;
				ARCHS = "$(ARCHS_STANDARD_32_BIT)";
				"CODE_SIGN_IDENTITY[sdk=iphoneos*]" = "iPhone Developer";
				COPY_PHASE_STRIP = NO;
				GCC_C_LANGUAGE_STANDARD = gnu99;
				GCC_DYNAMIC_NO_PIC = NO;
				GCC_OPTIMIZATION_LEVEL = 0;
				GCC_PREPROCESSOR_DEFINITIONS = (
					"DEBUG=1",
					"$(inherited)",
				);
				GCC_SYMBOLS_PRIVATE_EXTERN = NO;
				GCC_VERSION = com.apple.compilers.llvm.clang.1_0;
				GCC_WARN_ABOUT_MISSING_PROTOTYPES = YES;
				GCC_WARN_ABOUT_RETURN_TYPE = YES;
				GCC_WARN_UNUSED_VARIABLE = YES;
				IPHONEOS_DEPLOYMENT_TARGET = 5.0;
				SDKROOT = iphoneos;
			};
			name = Debug;
		};
		2D8301CC148676E2006F7C60 /* Release */ = {
			isa = XCBuildConfiguration;
			buildSettings = {
				ALWAYS_SEARCH_USER_PATHS = NO;
				ARCHS = "$(ARCHS_STANDARD_32_BIT)";
				"CODE_SIGN_IDENTITY[sdk=iphoneos*]" = "iPhone Developer";
				COPY_PHASE_STRIP = YES;
				GCC_C_LANGUAGE_STANDARD = gnu99;
				GCC_VERSION = com.apple.compilers.llvm.clang.1_0;
				GCC_WARN_ABOUT_MISSING_PROTOTYPES = YES;
				GCC_WARN_ABOUT_RETURN_TYPE = YES;
				GCC_WARN_UNUSED_VARIABLE = YES;
				IPHONEOS_DEPLOYMENT_TARGET = 5.0;
				OTHER_CFLAGS = "-DNS_BLOCK_ASSERTIONS=1";
				SDKROOT = iphoneos;
				VALIDATE_PRODUCT = YES;
			};
			name = Release;
		};
		2D8301CE148676E2006F7C60 /* Debug */ = {
			isa = XCBuildConfiguration;
			buildSettings = {
				GCC_PRECOMPILE_PREFIX_HEADER = YES;
				GCC_PREFIX_HEADER = "LessBasicGlasses/LessBasicGlasses-Prefix.pch";
				INFOPLIST_FILE = "LessBasicGlasses/LessBasicGlasses-Info.plist";
				PRODUCT_NAME = "$(TARGET_NAME)";
				WRAPPER_EXTENSION = app;
			};
			name = Debug;
		};
		2D8301CF148676E2006F7C60 /* Release */ = {
			isa = XCBuildConfiguration;
			buildSettings = {
				GCC_PRECOMPILE_PREFIX_HEADER = YES;
				GCC_PREFIX_HEADER = "LessBasicGlasses/LessBasicGlasses-Prefix.pch";
				INFOPLIST_FILE = "LessBasicGlasses/LessBasicGlasses-Info.plist";
				PRODUCT_NAME = "$(TARGET_NAME)";
				WRAPPER_EXTENSION = app;
			};
			name = Release;
		};
/* End XCBuildConfiguration section */

/* Begin XCConfigurationList section */
		2D8301A9148676E1006F7C60 /* Build configuration list for PBXProject "LessBasicGlasses" */ = {
			isa = XCConfigurationList;
			buildConfigurations = (
				2D8301CB148676E2006F7C60 /* Debug */,
				2D8301CC148676E2006F7C60 /* Release */,
			);
			defaultConfigurationIsVisible = 0;
			defaultConfigurationName = Release;
		};
		2D8301CD148676E2006F7C60 /* Build configuration list for PBXNativeTarget "LessBasicGlasses" */ = {
			isa = XCConfigurationList;
			buildConfigurations = (
				2D8301CE148676E2006F7C60 /* Debug */,
				2D8301CF148676E2006F7C60 /* Release */,
			);
			defaultConfigurationIsVisible = 0;
		};
/* End XCConfigurationList section */
	};
	rootObject = 2D8301A6148676E1006F7C60 /* Project object */;
}
